
Microsoft Visual Studio Solution File, Format Version 12.00
# Visual Studio Version 17
VisualStudioVersion = 17.7.34018.315
MinimumVisualStudioVersion = 10.0.40219.1
Project("{8BC9CEB8-8B4A-11D0-8D11-00A0C91BC942}") = "Student Management System", "Student Management System.vcxproj", "{EAC6320C-86F3-443B-8CEE-4464C05DBB43}"
EndProject
Global
	GlobalSection(SolutionConfigurationPlatforms) = preSolution
		Debug|x64 = Debug|x64
		Debug|x86 = Debug|x86
		Release|x64 = Release|x64
		Release|x86 = Release|x86
	EndGlobalSection
	GlobalSection(ProjectConfigurationPlatforms) = postSolution
		{EAC6320C-86F3-443B-8CEE-4464C05DBB43}.Debug|x64.ActiveCfg = Debug|x64
		{EAC6320C-86F3-443B-8CEE-4464C05DBB43}.Debug|x64.Build.0 = Debug|x64
		{EAC6320C-86F3-443B-8CEE-4464C05DBB43}.Debug|x86.ActiveCfg = Debug|Win32
		{EAC6320C-86F3-443B-8CEE-4464C05DBB43}.Debug|x86.Build.0 = Debug|Win32
		{EAC6320C-86F3-443B-8CEE-4464C05DBB43}.Release|x64.ActiveCfg = Release|x64
		{EAC6320C-86F3-443B-8CEE-4464C05DBB43}.Release|x64.Build.0 = Release|x64
		{EAC6320C-86F3-443B-8CEE-4464C05DBB43}.Release|x86.ActiveCfg = Release|Win32
		{EAC6320C-86F3-443B-8CEE-4464C05DBB43}.Release|x86.Build.0 = Release|Win32
	EndGlobalSection
	GlobalSection(SolutionProperties) = preSolution
		HideSolutionNode = FALSE
	EndGlobalSection
	GlobalSection(ExtensibilityGlobals) = postSolution
		SolutionGuid = {39B8045C-E12F-455F-B5BF-B6C0CFF06253}
	EndGlobalSection
EndGlobal
